
Microsoft Visual Studio Solution File, Format Version 12.00
# Visual Studio 16
Project("{FAE04EC0-301F-11D3-BF4B-00C04F79EFBC}") = "Assembly-CSharp", "Assembly-CSharp.csproj", "{67E8C1D0-A1EB-81D5-6EC9-AF4C3E4F9266}"
EndProject
Project("{FAE04EC0-301F-11D3-BF4B-00C04F79EFBC}") = "Assembly-CSharp-Editor", "Assembly-CSharp-Editor.csproj", "{CC20CD8D-EC6E-8F95-D758-1788211CDB42}"
EndProject
Global
	GlobalSection(SolutionConfigurationPlatforms) = preSolution
		Debug|Any CPU = Debug|Any CPU
		Release|Any CPU = Release|Any CPU
	EndGlobalSection
	GlobalSection(ProjectConfigurationPlatforms) = postSolution
		{67E8C1D0-A1EB-81D5-6EC9-AF4C3E4F9266}.Debug|Any CPU.ActiveCfg = Debug|Any CPU
		{67E8C1D0-A1EB-81D5-6EC9-AF4C3E4F9266}.Debug|Any CPU.Build.0 = Debug|Any CPU
		{67E8C1D0-A1EB-81D5-6EC9-AF4C3E4F9266}.Release|Any CPU.ActiveCfg = Release|Any CPU
		{67E8C1D0-A1EB-81D5-6EC9-AF4C3E4F9266}.Release|Any CPU.Build.0 = Release|Any CPU
		{CC20CD8D-EC6E-8F95-D758-1788211CDB42}.Debug|Any CPU.ActiveCfg = Debug|Any CPU
		{CC20CD8D-EC6E-8F95-D758-1788211CDB42}.Debug|Any CPU.Build.0 = Debug|Any CPU
		{CC20CD8D-EC6E-8F95-D758-1788211CDB42}.Release|Any CPU.ActiveCfg = Release|Any CPU
		{CC20CD8D-EC6E-8F95-D758-1788211CDB42}.Release|Any CPU.Build.0 = Release|Any CPU
	EndGlobalSection
	GlobalSection(SolutionProperties) = preSolution
		HideSolutionNode = FALSE
	EndGlobalSection
EndGlobal
